github.com/go-kratos/generics v0.0.0-20251015114009-68dee470a252 h1:f4ucngVcWpzEpRrRLY4ZGZpciMVfLcfVzwhoiZbjzqc=
github.com/go-kratos/generics v0.0.0-20251015114009-68dee470a252/go.mod h1:/HT0axGJLpTvqeNSMqe6KuYtlxzT7Pfs/s1W9lggxMs=
github.com/google/go-cmp v0.7.0 h1:wk8382ETsv4JYUZwIsn6YpYiWiBsYLSJiTsyBybVuN8=
github.com/google/go-cmp v0.7.0/go.mod h1:pXiqmnSA92OHEEa9HXL2W4E7lf9JzCmGVUdgjX3N/iU=
github.com/google/jsonschema-go v0.2.3 h1:dkP3B96OtZKKFvdrUSaDkL+YDx8Uw9uC4Y+eukpCnmM=
github.com/google/jsonschema-go v0.2.3/go.mod h1:r5quNTdLOYEz95Ru18zA0ydNbBuYoo9tgaYcxEYhJVE=
github.com/google/uuid v1.6.0 h1:NIvaJDMOsjHA8n1jAhLSgzrAzy1Hgr+hNrb57e+94F0=
github.com/google/uuid v1.6.0/go.mod h1:TIyPZe4MgqvfeYDBFedMoGGpEw/LqOeaOT+nhxU+yHo=
golang.org/x/sync v0.16.0 h1:ycBJEhp9p4vXvUZNszeOq0kGTPghopOL8q0fq3vstxw=
golang.org/x/sync v0.16.0/go.mod h1:1dzgHSNfp02xaA81J2MS99Qcpr2w7fw1gpm99rleRqA=
